// !$*UTF8*$!
{
	archiveVersion = 1;
	classes = {
	};
	objectVersion = 48;
	objects = {

/* Begin PBXBuildFile section */
		2C1B12911FE90CDA000884D7 /* AppDelegate.swift in Sources */ = {isa = PBXBuildFile; fileRef = 2C1B12901FE90CDA000884D7 /* AppDelegate.swift */; };
		2C1B12931FE90CDA000884D7 /* ViewController.swift in Sources */ = {isa = PBXBuildFile; fileRef = 2C1B12921FE90CDA000884D7 /* ViewController.swift */; };
		2C1B12961FE90CDA000884D7 /* Main.storyboard in Resources */ = {isa = PBXBuildFile; fileRef = 2C1B12941FE90CDA000884D7 /* Main.storyboard */; };
		2C1B12981FE90CDA000884D7 /* Assets.xcassets in Resources */ = {isa = PBXBuildFile; fileRef = 2C1B12971FE90CDA000884D7 /* Assets.xcassets */; };
		2C1B129B1FE90CDA000884D7 /* LaunchScreen.storyboard in Resources */ = {isa = PBXBuildFile; fileRef = 2C1B12991FE90CDA000884D7 /* LaunchScreen.storyboard */; };
		2CA229E31FF258B500292E02 /* PictureScrollView.swift in Sources */ = {isa = PBXBuildFile; fileRef = 2CA229E21FF258B500292E02 /* PictureScrollView.swift */; };
		2CF2DED51FF11BDE0067EAC5 /* source1.jpg in Resources */ = {isa = PBXBuildFile; fileRef = 2CF2DED01FF11B9B0067EAC5 /* source1.jpg */; };
		2CF2DED61FF11BDE0067EAC5 /* source2.jpg in Resources */ = {isa = PBXBuildFile; fileRef = 2CF2DECF1FF11B9A0067EAC5 /* source2.jpg */; };
		2CF2DED71FF11BDE0067EAC5 /* source3.jpg in Resources */ = {isa = PBXBuildFile; fileRef = 2CF2DED11FF11B9B0067EAC5 /* source3.jpg */; };
/* End PBXBuildFile section */

/* Begin PBXFileReference section */
		2C1B128D1FE90CDA000884D7 /* RedBookPictureScrollDemo.app */ = {isa = PBXFileReference; explicitFileType = wrapper.application; includeInIndex = 0; path = RedBookPictureScrollDemo.app; sourceTree = BUILT_PRODUCTS_DIR; };
		2C1B12901FE90CDA000884D7 /* AppDelegate.swift */ = {isa = PBXFileReference; lastKnownFileType = sourcecode.swift; path = AppDelegate.swift; sourceTree = "<group>"; };
		2C1B12921FE90CDA000884D7 /* ViewController.swift */ = {isa = PBXFileReference; lastKnownFileType = sourcecode.swift; path = ViewController.swift; sourceTree = "<group>"; };
		2C1B12951FE90CDA000884D7 /* Base */ = {isa = PBXFileReference; lastKnownFileType = file.storyboard; name = Base; path = Base.lproj/Main.storyboard; sourceTree = "<group>"; };
		2C1B12971FE90CDA000884D7 /* Assets.xcassets */ = {isa = PBXFileReference; lastKnownFileType = folder.assetcatalog; path = Assets.xcassets; sourceTree = "<group>"; };
		2C1B129A1FE90CDA000884D7 /* Base */ = {isa = PBXFileReference; lastKnownFileType = file.storyboard; name = Base; path = Base.lproj/LaunchScreen.storyboard; sourceTree = "<group>"; };
		2C1B129C1FE90CDA000884D7 /* Info.plist */ = {isa = PBXFileReference; lastKnownFileType = text.plist.xml; path = Info.plist; sourceTree = "<group>"; };
		2CA229E21FF258B500292E02 /* PictureScrollView.swift */ = {isa = PBXFileReference; lastKnownFileType = sourcecode.swift; path = PictureScrollView.swift; sourceTree = "<group>"; };
		2CF2DECF1FF11B9A0067EAC5 /* source2.jpg */ = {isa = PBXFileReference; lastKnownFileType = image.jpeg; path = source2.jpg; sourceTree = "<group>"; };
		2CF2DED01FF11B9B0067EAC5 /* source1.jpg */ = {isa = PBXFileReference; lastKnownFileType = image.jpeg; path = source1.jpg; sourceTree = "<group>"; };
		2CF2DED11FF11B9B0067EAC5 /* source3.jpg */ = {isa = PBXFileReference; lastKnownFileType = image.jpeg; path = source3.jpg; sourceTree = "<group>"; };
/* End PBXFileReference section */

/* Begin PBXFrameworksBuildPhase section */
		2C1B128A1FE90CDA000884D7 /* Frameworks */ = {
			isa = PBXFrameworksBuildPhase;
			buildActionMask = 2147483647;
			files = (
			);
			runOnlyForDeploymentPostprocessing = 0;
		};
/* End PBXFrameworksBuildPhase section */

/* Begin PBXGroup section */
		2C1B12841FE90CDA000884D7 = {
			isa = PBXGroup;
			children = (
				2C1B128F1FE90CDA000884D7 /* RedBookPictureScrollDemo */,
				2C1B128E1FE90CDA000884D7 /* Products */,
			);
			sourceTree = "<group>";
		};
		2C1B128E1FE90CDA000884D7 /* Products */ = {
			isa = PBXGroup;
			children = (
				2C1B128D1FE90CDA000884D7 /* RedBookPictureScrollDemo.app */,
			);
			name = Products;
			sourceTree = "<group>";
		};
		2C1B128F1FE90CDA000884D7 /* RedBookPictureScrollDemo */ = {
			isa = PBXGroup;
			children = (
				2C1B12A21FE90D4B000884D7 /* PictureScroll */,
				2C1B12901FE90CDA000884D7 /* AppDelegate.swift */,
				2C1B12921FE90CDA000884D7 /* ViewController.swift */,
				2C1B12941FE90CDA000884D7 /* Main.storyboard */,
				2C1B12971FE90CDA000884D7 /* Assets.xcassets */,
				2C1B12991FE90CDA000884D7 /* LaunchScreen.storyboard */,
				2C1B129C1FE90CDA000884D7 /* Info.plist */,
				2CF2DED01FF11B9B0067EAC5 /* source1.jpg */,
				2CF2DECF1FF11B9A0067EAC5 /* source2.jpg */,
				2CF2DED11FF11B9B0067EAC5 /* source3.jpg */,
			);
			path = RedBookPictureScrollDemo;
			sourceTree = "<group>";
		};
		2C1B12A21FE90D4B000884D7 /* PictureScroll */ = {
			isa = PBXGroup;
			children = (
				2CA229E21FF258B500292E02 /* PictureScrollView.swift */,
			);
			path = PictureScroll;
			sourceTree = "<group>";
		};
/* End PBXGroup section */

/* Begin PBXNativeTarget section */
		2C1B128C1FE90CDA000884D7 /* RedBookPictureScrollDemo */ = {
			isa = PBXNativeTarget;
			buildConfigurationList = 2C1B129F1FE90CDA000884D7 /* Build configuration list for PBXNativeTarget "RedBookPictureScrollDemo" */;
			buildPhases = (
				2C1B12891FE90CDA000884D7 /* Sources */,
				2C1B128A1FE90CDA000884D7 /* Frameworks */,
				2C1B128B1FE90CDA000884D7 /* Resources */,
			);
			buildRules = (
			);
			dependencies = (
			);
			name = RedBookPictureScrollDemo;
			productName = RedBookPictureScrollDemo;
			productReference = 2C1B128D1FE90CDA000884D7 /* RedBookPictureScrollDemo.app */;
			productType = "com.apple.product-type.application";
		};
/* End PBXNativeTarget section */

/* Begin PBXProject section */
		2C1B12851FE90CDA000884D7 /* Project object */ = {
			isa = PBXProject;
			attributes = {
				LastSwiftUpdateCheck = 0900;
				LastUpgradeCheck = 0900;
				ORGANIZATIONNAME = Sylar;
				TargetAttributes = {
					2C1B128C1FE90CDA000884D7 = {
						CreatedOnToolsVersion = 9.0;
						ProvisioningStyle = Automatic;
					};
				};
			};
			buildConfigurationList = 2C1B12881FE90CDA000884D7 /* Build configuration list for PBXProject "RedBookPictureScrollDemo" */;
			compatibilityVersion = "Xcode 8.0";
			developmentRegion = en;
			hasScannedForEncodings = 0;
			knownRegions = (
				en,
				Base,
			);
			mainGroup = 2C1B12841FE90CDA000884D7;
			productRefGroup = 2C1B128E1FE90CDA000884D7 /* Products */;
			projectDirPath = "";
			projectRoot = "";
			targets = (
				2C1B128C1FE90CDA000884D7 /* RedBookPictureScrollDemo */,
			);
		};
/* End PBXProject section */

/* Begin PBXResourcesBuildPhase section */
		2C1B128B1FE90CDA000884D7 /* Resources */ = {
			isa = PBXResourcesBuildPhase;
			buildActionMask = 2147483647;
			files = (
				2CF2DED51FF11BDE0067EAC5 /* source1.jpg in Resources */,
				2CF2DED61FF11BDE0067EAC5 /* source2.jpg in Resources */,
				2CF2DED71FF11BDE0067EAC5 /* source3.jpg in Resources */,
				2C1B129B1FE90CDA000884D7 /* LaunchScreen.storyboard in Resources */,
				2C1B12981FE90CDA000884D7 /* Assets.xcassets in Resources */,
				2C1B12961FE90CDA000884D7 /* Main.storyboard in Resources */,
			);
			runOnlyForDeploymentPostprocessing = 0;
		};
/* End PBXResourcesBuildPhase section */

/* Begin PBXSourcesBuildPhase section */
		2C1B12891FE90CDA000884D7 /* Sources */ = {
			isa = PBXSourcesBuildPhase;
			buildActionMask = 2147483647;
			files = (
				2CA229E31FF258B500292E02 /* PictureScrollView.swift in Sources */,
				2C1B12931FE90CDA000884D7 /* ViewController.swift in Sources */,
				2C1B12911FE90CDA000884D7 /* AppDelegate.swift in Sources */,
			);
			runOnlyForDeploymentPostprocessing = 0;
		};
/* End PBXSourcesBuildPhase section */

/* Begin PBXVariantGroup section */
		2C1B12941FE90CDA000884D7 /* Main.storyboard */ = {
			isa = PBXVariantGroup;
			children = (
				2C1B12951FE90CDA000884D7 /* Base */,
			);
			name = Main.storyboard;
			sourceTree = "<group>";
		};
		2C1B12991FE90CDA000884D7 /* LaunchScreen.storyboard */ = {
			isa = PBXVariantGroup;
			children = (
				2C1B129A1FE90CDA000884D7 /* Base */,
			);
			name = LaunchScreen.storyboard;
			sourceTree = "<group>";
		};
/* End PBXVariantGroup section */

/* Begin XCBuildConfiguration section */
		2C1B129D1FE90CDA000884D7 /* Debug */ = {
			isa = XCBuildConfiguration;
			buildSettings = {
				ALWAYS_SEARCH_USER_PATHS = NO;
				CLANG_ANALYZER_NONNULL = YES;
				CLANG_ANALYZER_NUMBER_OBJECT_CONVERSION = YES_AGGRESSIVE;
				CLANG_CXX_LANGUAGE_STANDARD = "gnu++14";
				CLANG_CXX_LIBRARY = "libc++";
				CLANG_ENABLE_MODULES = YES;
				CLANG_ENABLE_OBJC_ARC = YES;
				CLANG_WARN_BLOCK_CAPTURE_AUTORELEASING = YES;
				CLANG_WARN_BOOL_CONVERSION = YES;
				CLANG_WARN_COMMA = YES;
				CLANG_WARN_CONSTANT_CONVERSION = YES;
				CLANG_WARN_DIRECT_OBJC_ISA_USAGE = YES_ERROR;
				CLANG_WARN_DOCUMENTATION_COMMENTS = YES;
				CLANG_WARN_EMPTY_BODY = YES;
				CLANG_WARN_ENUM_CONVERSION = YES;
				CLANG_WARN_INFINITE_RECURSION = YES;
				CLANG_WARN_INT_CONVERSION = YES;
				CLANG_WARN_NON_LITERAL_NULL_CONVERSION = YES;
				CLANG_WARN_OBJC_LITERAL_CONVERSION = YES;
				CLANG_WARN_OBJC_ROOT_CLASS = YES_ERROR;
				CLANG_WARN_RANGE_LOOP_ANALYSIS = YES;
				CLANG_WARN_STRICT_PROTOTYPES = YES;
				CLANG_WARN_SUSPICIOUS_MOVE = YES;
				CLANG_WARN_UNGUARDED_AVAILABILITY = YES_AGGRESSIVE;
				CLANG_WARN_UNREACHABLE_CODE = YES;
				CLANG_WARN__DUPLICATE_METHOD_MATCH = YES;
				CODE_SIGN_IDENTITY = "iPhone Developer";
				COPY_PHASE_STRIP = NO;
				DEBUG_INFORMATION_FORMAT = dwarf;
				ENABLE_STRICT_OBJC_MSGSEND = YES;
				ENABLE_TESTABILITY = YES;
				GCC_C_LANGUAGE_STANDARD = gnu11;
				GCC_DYNAMIC_NO_PIC = NO;
				GCC_NO_COMMON_BLOCKS = YES;
				GCC_OPTIMIZATION_LEVEL = 0;
				GCC_PREPROCESSOR_DEFINITIONS = (
					"DEBUG=1",
					"$(inherited)",
				);
				GCC_WARN_64_TO_32_BIT_CONVERSION = YES;
				GCC_WARN_ABOUT_RETURN_TYPE = YES_ERROR;
				GCC_WARN_UNDECLARED_SELECTOR = YES;
				GCC_WARN_UNINITIALIZED_AUTOS = YES_AGGRESSIVE;
				GCC_WARN_UNUSED_FUNCTION = YES;
				GCC_WARN_UNUSED_VARIABLE = YES;
				IPHONEOS_DEPLOYMENT_TARGET = 11.0;
				MTL_ENABLE_DEBUG_INFO = YES;
				ONLY_ACTIVE_ARCH = YES;
				SDKROOT = iphoneos;
				SWIFT_ACTIVE_COMPILATION_CONDITIONS = DEBUG;
				SWIFT_OPTIMIZATION_LEVEL = "-Onone";
			};
			name = Debug;
		};
		2C1B129E1FE90CDA000884D7 /* Release */ = {
			isa = XCBuildConfiguration;
			buildSettings = {
				ALWAYS_SEARCH_USER_PATHS = NO;
				CLANG_ANALYZER_NONNULL = YES;
				CLANG_ANALYZER_NUMBER_OBJECT_CONVERSION = YES_AGGRESSIVE;
				CLANG_CXX_LANGUAGE_STANDARD = "gnu++14";
				CLANG_CXX_LIBRARY = "libc++";
				CLANG_ENABLE_MODULES = YES;
				CLANG_ENABLE_OBJC_ARC = YES;
				CLANG_WARN_BLOCK_CAPTURE_AUTORELEASING = YES;
				CLANG_WARN_BOOL_CONVERSION = YES;
				CLANG_WARN_COMMA = YES;
				CLANG_WARN_CONSTANT_CONVERSION = YES;
				CLANG_WARN_DIRECT_OBJC_ISA_USAGE = YES_ERROR;
				CLANG_WARN_DOCUMENTATION_COMMENTS = YES;
				CLANG_WARN_EMPTY_BODY = YES;
				CLANG_WARN_ENUM_CONVERSION = YES;
				CLANG_WARN_INFINITE_RECURSION = YES;
				CLANG_WARN_INT_CONVERSION = YES;
				CLANG_WARN_NON_LITERAL_NULL_CONVERSION = YES;
				CLANG_WARN_OBJC_LITERAL_CONVERSION = YES;
				CLANG_WARN_OBJC_ROOT_CLASS = YES_ERROR;
				CLANG_WARN_RANGE_LOOP_ANALYSIS = YES;
				CLANG_WARN_STRICT_PROTOTYPES = YES;
				CLANG_WARN_SUSPICIOUS_MOVE = YES;
				CLANG_WARN_UNGUARDED_AVAILABILITY = YES_AGGRESSIVE;
				CLANG_WARN_UNREACHABLE_CODE = YES;
				CLANG_WARN__DUPLICATE_METHOD_MATCH = YES;
				CODE_SIGN_IDENTITY = "iPhone Developer";
				COPY_PHASE_STRIP = NO;
				DEBUG_INFORMATION_FORMAT = "dwarf-with-dsym";
				ENABLE_NS_ASSERTIONS = NO;
				ENABLE_STRICT_OBJC_MSGSEND = YES;
				GCC_C_LANGUAGE_STANDARD = gnu11;
				GCC_NO_COMMON_BLOCKS = YES;
				GCC_WARN_64_TO_32_BIT_CONVERSION = YES;
				GCC_WARN_ABOUT_RETURN_TYPE = YES_ERROR;
				GCC_WARN_UNDECLARED_SELECTOR = YES;
				GCC_WARN_UNINITIALIZED_AUTOS = YES_AGGRESSIVE;
				GCC_WARN_UNUSED_FUNCTION = YES;
				GCC_WARN_UNUSED_VARIABLE = YES;
				IPHONEOS_DEPLOYMENT_TARGET = 11.0;
				MTL_ENABLE_DEBUG_INFO = NO;
				SDKROOT = iphoneos;
				SWIFT_OPTIMIZATION_LEVEL = "-Owholemodule";
				VALIDATE_PRODUCT = YES;
			};
			name = Release;
		};
		2C1B12A01FE90CDA000884D7 /* Debug */ = {
			isa = XCBuildConfiguration;
			buildSettings = {
				ASSETCATALOG_COMPILER_APPICON_NAME = AppIcon;
				CODE_SIGN_STYLE = Automatic;
				DEVELOPMENT_TEAM = G583SJY324;
				INFOPLIST_FILE = RedBookPictureScrollDemo/Info.plist;
				LD_RUNPATH_SEARCH_PATHS = "$(inherited) @executable_path/Frameworks";
				PRODUCT_BUNDLE_IDENTIFIER = com.Sylar.RedBookPictureScrollDemo;
				PRODUCT_NAME = "$(TARGET_NAME)";
				SWIFT_VERSION = 4.0;
				TARGETED_DEVICE_FAMILY = "1,2";
			};
			name = Debug;
		};
		2C1B12A11FE90CDA000884D7 /* Release */ = {
			isa = XCBuildConfiguration;
			buildSettings = {
				ASSETCATALOG_COMPILER_APPICON_NAME = AppIcon;
				CODE_SIGN_STYLE = Automatic;
				DEVELOPMENT_TEAM = G583SJY324;
				INFOPLIST_FILE = RedBookPictureScrollDemo/Info.plist;
				LD_RUNPATH_SEARCH_PATHS = "$(inherited) @executable_path/Frameworks";
				PRODUCT_BUNDLE_IDENTIFIER = com.Sylar.RedBookPictureScrollDemo;
				PRODUCT_NAME = "$(TARGET_NAME)";
				SWIFT_VERSION = 4.0;
				TARGETED_DEVICE_FAMILY = "1,2";
			};
			name = Release;
		};
/* End XCBuildConfiguration section */

/* Begin XCConfigurationList section */
		2C1B12881FE90CDA000884D7 /* Build configuration list for PBXProject "RedBookPictureScrollDemo" */ = {
			isa = XCConfigurationList;
			buildConfigurations = (
				2C1B129D1FE90CDA000884D7 /* Debug */,
				2C1B129E1FE90CDA000884D7 /* Release */,
			);
			defaultConfigurationIsVisible = 0;
			defaultConfigurationName = Release;
		};
		2C1B129F1FE90CDA000884D7 /* Build configuration list for PBXNativeTarget "RedBookPictureScrollDemo" */ = {
			isa = XCConfigurationList;
			buildConfigurations = (
				2C1B12A01FE90CDA000884D7 /* Debug */,
				2C1B12A11FE90CDA000884D7 /* Release */,
			);
			defaultConfigurationIsVisible = 0;
			defaultConfigurationName = Release;
		};
/* End XCConfigurationList section */
	};
	rootObject = 2C1B12851FE90CDA000884D7 /* Project object */;
}
